
Microsoft Visual Studio Solution File, Format Version 12.00
# Visual Studio Version 17
VisualStudioVersion = 17.14.36203.30 d17.14
MinimumVisualStudioVersion = 10.0.40219.1
Project("{FAE04EC0-301F-11D3-BF4B-00C04F79EFBC}") = "Variables-practicas", "Variables-practicas\Variables-practicas.csproj", "{588E81C6-A5CA-4A9E-A9E8-58624D0A0FB2}"
EndProject
Global
	GlobalSection(SolutionConfigurationPlatforms) = preSolution
		Debug|Any CPU = Debug|Any CPU
		Release|Any CPU = Release|Any CPU
	EndGlobalSection
	GlobalSection(ProjectConfigurationPlatforms) = postSolution
		{588E81C6-A5CA-4A9E-A9E8-58624D0A0FB2}.Debug|Any CPU.ActiveCfg = Debug|Any CPU
		{588E81C6-A5CA-4A9E-A9E8-58624D0A0FB2}.Debug|Any CPU.Build.0 = Debug|Any CPU
		{588E81C6-A5CA-4A9E-A9E8-58624D0A0FB2}.Release|Any CPU.ActiveCfg = Release|Any CPU
		{588E81C6-A5CA-4A9E-A9E8-58624D0A0FB2}.Release|Any CPU.Build.0 = Release|Any CPU
	EndGlobalSection
	GlobalSection(SolutionProperties) = preSolution
		HideSolutionNode = FALSE
	EndGlobalSection
	GlobalSection(ExtensibilityGlobals) = postSolution
		SolutionGuid = {6A878466-0927-495A-B95F-24A03370B73B}
	EndGlobalSection
EndGlobal
